
Microsoft Visual Studio Solution File, Format Version 12.00
# Visual Studio Version 17
VisualStudioVersion = 17.7.33711.374
MinimumVisualStudioVersion = 10.0.40219.1
Project("{FAE04EC0-301F-11D3-BF4B-00C04F79EFBC}") = "tmpdock", "tmpdock\tmpdock.csproj", "{AC5583E2-9496-447D-951C-C2B2B64A9D49}"
EndProject
Global
	GlobalSection(SolutionConfigurationPlatforms) = preSolution
		Debug|Any CPU = Debug|Any CPU
		Release|Any CPU = Release|Any CPU
	EndGlobalSection
	GlobalSection(ProjectConfigurationPlatforms) = postSolution
		{AC5583E2-9496-447D-951C-C2B2B64A9D49}.Debug|Any CPU.ActiveCfg = Debug|Any CPU
		{AC5583E2-9496-447D-951C-C2B2B64A9D49}.Debug|Any CPU.Build.0 = Debug|Any CPU
		{AC5583E2-9496-447D-951C-C2B2B64A9D49}.Release|Any CPU.ActiveCfg = Release|Any CPU
		{AC5583E2-9496-447D-951C-C2B2B64A9D49}.Release|Any CPU.Build.0 = Release|Any CPU
	EndGlobalSection
	GlobalSection(SolutionProperties) = preSolution
		HideSolutionNode = FALSE
	EndGlobalSection
	GlobalSection(ExtensibilityGlobals) = postSolution
		SolutionGuid = {44978973-8CF7-47BA-99CB-E4F2C71AE12C}
	EndGlobalSection
EndGlobal
